
Microsoft Visual Studio Solution File, Format Version 12.00
# Visual Studio 14
VisualStudioVersion = 14.0.25420.1
MinimumVisualStudioVersion = 10.0.40219.1
Project("{FAE04EC0-301F-11D3-BF4B-00C04F79EFBC}") = "BowlingGameTest", "BowlingGameTest\BowlingGameTest.csproj", "{E5455A9D-20F8-4323-A086-6D005427A4C2}"
EndProject
Project("{FAE04EC0-301F-11D3-BF4B-00C04F79EFBC}") = "BowlingGameTest.UnitTests", "BowlingGameTest.UnitTests\BowlingGameTest.UnitTests.csproj", "{5B219CF1-0013-46C6-8008-C0652739A661}"
EndProject
Global
	GlobalSection(SolutionConfigurationPlatforms) = preSolution
		Debug|Any CPU = Debug|Any CPU
		Release|Any CPU = Release|Any CPU
	EndGlobalSection
	GlobalSection(ProjectConfigurationPlatforms) = postSolution
		{E5455A9D-20F8-4323-A086-6D005427A4C2}.Debug|Any CPU.ActiveCfg = Debug|Any CPU
		{E5455A9D-20F8-4323-A086-6D005427A4C2}.Debug|Any CPU.Build.0 = Debug|Any CPU
		{E5455A9D-20F8-4323-A086-6D005427A4C2}.Release|Any CPU.ActiveCfg = Release|Any CPU
		{E5455A9D-20F8-4323-A086-6D005427A4C2}.Release|Any CPU.Build.0 = Release|Any CPU
		{5B219CF1-0013-46C6-8008-C0652739A661}.Debug|Any CPU.ActiveCfg = Debug|Any CPU
		{5B219CF1-0013-46C6-8008-C0652739A661}.Debug|Any CPU.Build.0 = Debug|Any CPU
		{5B219CF1-0013-46C6-8008-C0652739A661}.Release|Any CPU.ActiveCfg = Release|Any CPU
		{5B219CF1-0013-46C6-8008-C0652739A661}.Release|Any CPU.Build.0 = Release|Any CPU
	EndGlobalSection
	GlobalSection(SolutionProperties) = preSolution
		HideSolutionNode = FALSE
	EndGlobalSection
EndGlobal
